
Microsoft Visual Studio Solution File, Format Version 12.00
# Visual Studio Version 17
VisualStudioVersion = 17.0.32112.339
MinimumVisualStudioVersion = 10.0.40219.1
Project("{FAE04EC0-301F-11D3-BF4B-00C04F79EFBC}") = "FirstListQ1.ConsoleApp", "FirstList.ConsoleApp\FirstListQ1.ConsoleApp.csproj", "{A88E3773-6E6B-4A7A-B6D9-33E92EE0698E}"
EndProject
Project("{FAE04EC0-301F-11D3-BF4B-00C04F79EFBC}") = "FirstListQ2.ConsoleApp", "FiratListQ2.ConsoleApp\FirstListQ2.ConsoleApp.csproj", "{F9AB2CD4-D91B-40F6-8780-BE362D374C2B}"
EndProject
Project("{FAE04EC0-301F-11D3-BF4B-00C04F79EFBC}") = "FirstListQ3.ConsoleApp", "FirstListQ3\FirstListQ3.ConsoleApp.csproj", "{9772794B-3849-467C-B974-54865ACDF26D}"
EndProject
Project("{FAE04EC0-301F-11D3-BF4B-00C04F79EFBC}") = "FirstListQ4.ConsoleApp", "FirstListQ4.ConsoleApp\FirstListQ4.ConsoleApp.csproj", "{CDFEFA99-1B45-4CCB-8345-ACA195CE1052}"
EndProject
Project("{FAE04EC0-301F-11D3-BF4B-00C04F79EFBC}") = "FirstListQ5.ConsoleApp", "FirstListQ5.ConsoleApp\FirstListQ5.ConsoleApp.csproj", "{A56B4CE2-F485-4031-96E2-6E8B6D84F1F6}"
EndProject
Global
	GlobalSection(SolutionConfigurationPlatforms) = preSolution
		Debug|Any CPU = Debug|Any CPU
		Release|Any CPU = Release|Any CPU
	EndGlobalSection
	GlobalSection(ProjectConfigurationPlatforms) = postSolution
		{A88E3773-6E6B-4A7A-B6D9-33E92EE0698E}.Debug|Any CPU.ActiveCfg = Debug|Any CPU
		{A88E3773-6E6B-4A7A-B6D9-33E92EE0698E}.Debug|Any CPU.Build.0 = Debug|Any CPU
		{A88E3773-6E6B-4A7A-B6D9-33E92EE0698E}.Release|Any CPU.ActiveCfg = Release|Any CPU
		{A88E3773-6E6B-4A7A-B6D9-33E92EE0698E}.Release|Any CPU.Build.0 = Release|Any CPU
		{F9AB2CD4-D91B-40F6-8780-BE362D374C2B}.Debug|Any CPU.ActiveCfg = Debug|Any CPU
		{F9AB2CD4-D91B-40F6-8780-BE362D374C2B}.Debug|Any CPU.Build.0 = Debug|Any CPU
		{F9AB2CD4-D91B-40F6-8780-BE362D374C2B}.Release|Any CPU.ActiveCfg = Release|Any CPU
		{F9AB2CD4-D91B-40F6-8780-BE362D374C2B}.Release|Any CPU.Build.0 = Release|Any CPU
		{9772794B-3849-467C-B974-54865ACDF26D}.Debug|Any CPU.ActiveCfg = Debug|Any CPU
		{9772794B-3849-467C-B974-54865ACDF26D}.Debug|Any CPU.Build.0 = Debug|Any CPU
		{9772794B-3849-467C-B974-54865ACDF26D}.Release|Any CPU.ActiveCfg = Release|Any CPU
		{9772794B-3849-467C-B974-54865ACDF26D}.Release|Any CPU.Build.0 = Release|Any CPU
		{CDFEFA99-1B45-4CCB-8345-ACA195CE1052}.Debug|Any CPU.ActiveCfg = Debug|Any CPU
		{CDFEFA99-1B45-4CCB-8345-ACA195CE1052}.Debug|Any CPU.Build.0 = Debug|Any CPU
		{CDFEFA99-1B45-4CCB-8345-ACA195CE1052}.Release|Any CPU.ActiveCfg = Release|Any CPU
		{CDFEFA99-1B45-4CCB-8345-ACA195CE1052}.Release|Any CPU.Build.0 = Release|Any CPU
		{A56B4CE2-F485-4031-96E2-6E8B6D84F1F6}.Debug|Any CPU.ActiveCfg = Debug|Any CPU
		{A56B4CE2-F485-4031-96E2-6E8B6D84F1F6}.Debug|Any CPU.Build.0 = Debug|Any CPU
		{A56B4CE2-F485-4031-96E2-6E8B6D84F1F6}.Release|Any CPU.ActiveCfg = Release|Any CPU
		{A56B4CE2-F485-4031-96E2-6E8B6D84F1F6}.Release|Any CPU.Build.0 = Release|Any CPU
	EndGlobalSection
	GlobalSection(SolutionProperties) = preSolution
		HideSolutionNode = FALSE
	EndGlobalSection
	GlobalSection(ExtensibilityGlobals) = postSolution
		SolutionGuid = {B8C24454-BFA6-4F80-83AC-24EE7602889B}
	EndGlobalSection
EndGlobal
